// !$*UTF8*$!
{
	archiveVersion = 1;
	classes = {
	};
	objectVersion = 56;
	objects = {

/* Begin PBXBuildFile section */
		54900CAA2BF6A28200A87704 /* CardModel.swift in Sources */ = {isa = PBXBuildFile; fileRef = 54900CA92BF6A28200A87704 /* CardModel.swift */; };
		54900CAC2BF6A2F100A87704 /* CardObject.swift in Sources */ = {isa = PBXBuildFile; fileRef = 54900CAB2BF6A2F100A87704 /* CardObject.swift */; };
		54900CAE2BF6A30500A87704 /* NavView.swift in Sources */ = {isa = PBXBuildFile; fileRef = 54900CAD2BF6A30500A87704 /* NavView.swift */; };
		54900CB02BF6A30C00A87704 /* ExploreView.swift in Sources */ = {isa = PBXBuildFile; fileRef = 54900CAF2BF6A30C00A87704 /* ExploreView.swift */; };
		54900CB22BF6A31100A87704 /* DeckView.swift in Sources */ = {isa = PBXBuildFile; fileRef = 54900CB12BF6A31100A87704 /* DeckView.swift */; };
		54900CB42BF6A31600A87704 /* ProfileView.swift in Sources */ = {isa = PBXBuildFile; fileRef = 54900CB32BF6A31600A87704 /* ProfileView.swift */; };
		9E4AF5952BE7EAC7003E89FE /* MobileNetV2.mlpackage in Sources */ = {isa = PBXBuildFile; fileRef = 9E4AF5942BE7EAC7003E89FE /* MobileNetV2.mlpackage */; };
		9E4AF5972BE94BEF003E89FE /* BrahmanIdentifier.mlpackage in Sources */ = {isa = PBXBuildFile; fileRef = 9E4AF5962BE94BEF003E89FE /* BrahmanIdentifier.mlpackage */; };
		9E7CE1242BD7345100E2DA4E /* BrahmanCodeApp.swift in Sources */ = {isa = PBXBuildFile; fileRef = 9E7CE1232BD7345100E2DA4E /* BrahmanCodeApp.swift */; };
		9E7CE12A2BD7345200E2DA4E /* Assets.xcassets in Resources */ = {isa = PBXBuildFile; fileRef = 9E7CE1292BD7345200E2DA4E /* Assets.xcassets */; };
		9E7CE12D2BD7345200E2DA4E /* Preview Assets.xcassets in Resources */ = {isa = PBXBuildFile; fileRef = 9E7CE12C2BD7345200E2DA4E /* Preview Assets.xcassets */; };
		9E7CE18F2BD8040600E2DA4E /* FloraCardModel.swift in Sources */ = {isa = PBXBuildFile; fileRef = 9E7CE18D2BD8040600E2DA4E /* FloraCardModel.swift */; };
		9E7CE1942BD8041300E2DA4E /* DeckViewModel.swift in Sources */ = {isa = PBXBuildFile; fileRef = 9E7CE1902BD8041300E2DA4E /* DeckViewModel.swift */; };
		9E7CE1952BD8041300E2DA4E /* ContentView.swift in Sources */ = {isa = PBXBuildFile; fileRef = 9E7CE1922BD8041300E2DA4E /* ContentView.swift */; };
		9E9863862BE1831500B1FE81 /* CameraFrameView.swift in Sources */ = {isa = PBXBuildFile; fileRef = 9E9863852BE1831500B1FE81 /* CameraFrameView.swift */; };
		9E9863882BE1849D00B1FE81 /* CameraFrameHandler.swift in Sources */ = {isa = PBXBuildFile; fileRef = 9E9863872BE1849D00B1FE81 /* CameraFrameHandler.swift */; };
		9E98638E2BE4746600B1FE81 /* PlantPredictionModel.swift in Sources */ = {isa = PBXBuildFile; fileRef = 9E98638D2BE4746600B1FE81 /* PlantPredictionModel.swift */; };
		9EB37FA82C05701B00CFB262 /* ImageClassifier.swift in Sources */ = {isa = PBXBuildFile; fileRef = 9EB37FA62C05701B00CFB262 /* ImageClassifier.swift */; };
		9EB37FA92C05701B00CFB262 /* ImagePicker.swift in Sources */ = {isa = PBXBuildFile; fileRef = 9EB37FA72C05701B00CFB262 /* ImagePicker.swift */; };
		9EB37FAB2C05707D00CFB262 /* Classifier.swift in Sources */ = {isa = PBXBuildFile; fileRef = 9EB37FAA2C05707D00CFB262 /* Classifier.swift */; };
/* End PBXBuildFile section */

/* Begin PBXFileReference section */
		54900CA92BF6A28200A87704 /* CardModel.swift */ = {isa = PBXFileReference; lastKnownFileType = sourcecode.swift; path = CardModel.swift; sourceTree = "<group>"; };
		54900CAB2BF6A2F100A87704 /* CardObject.swift */ = {isa = PBXFileReference; lastKnownFileType = sourcecode.swift; path = CardObject.swift; sourceTree = "<group>"; };
		54900CAD2BF6A30500A87704 /* NavView.swift */ = {isa = PBXFileReference; lastKnownFileType = sourcecode.swift; path = NavView.swift; sourceTree = "<group>"; };
		54900CAF2BF6A30C00A87704 /* ExploreView.swift */ = {isa = PBXFileReference; lastKnownFileType = sourcecode.swift; path = ExploreView.swift; sourceTree = "<group>"; };
		54900CB12BF6A31100A87704 /* DeckView.swift */ = {isa = PBXFileReference; lastKnownFileType = sourcecode.swift; path = DeckView.swift; sourceTree = "<group>"; };
		54900CB32BF6A31600A87704 /* ProfileView.swift */ = {isa = PBXFileReference; lastKnownFileType = sourcecode.swift; path = ProfileView.swift; sourceTree = "<group>"; };
		9E4AF5942BE7EAC7003E89FE /* MobileNetV2.mlpackage */ = {isa = PBXFileReference; lastKnownFileType = folder.mlpackage; path = MobileNetV2.mlpackage; sourceTree = "<group>"; };
		9E4AF5962BE94BEF003E89FE /* BrahmanIdentifier.mlpackage */ = {isa = PBXFileReference; lastKnownFileType = folder.mlpackage; path = BrahmanIdentifier.mlpackage; sourceTree = "<group>"; };
		9E7CE1202BD7345100E2DA4E /* HerbaDex.app */ = {isa = PBXFileReference; explicitFileType = wrapper.application; includeInIndex = 0; path = HerbaDex.app; sourceTree = BUILT_PRODUCTS_DIR; };
		9E7CE1232BD7345100E2DA4E /* BrahmanCodeApp.swift */ = {isa = PBXFileReference; lastKnownFileType = sourcecode.swift; path = BrahmanCodeApp.swift; sourceTree = "<group>"; };
		9E7CE1292BD7345200E2DA4E /* Assets.xcassets */ = {isa = PBXFileReference; lastKnownFileType = folder.assetcatalog; path = Assets.xcassets; sourceTree = "<group>"; };
		9E7CE12C2BD7345200E2DA4E /* Preview Assets.xcassets */ = {isa = PBXFileReference; lastKnownFileType = folder.assetcatalog; path = "Preview Assets.xcassets"; sourceTree = "<group>"; };
		9E7CE18D2BD8040600E2DA4E /* FloraCardModel.swift */ = {isa = PBXFileReference; fileEncoding = 4; lastKnownFileType = sourcecode.swift; path = FloraCardModel.swift; sourceTree = "<group>"; };
		9E7CE1902BD8041300E2DA4E /* DeckViewModel.swift */ = {isa = PBXFileReference; fileEncoding = 4; lastKnownFileType = sourcecode.swift; path = DeckViewModel.swift; sourceTree = "<group>"; };
		9E7CE1922BD8041300E2DA4E /* ContentView.swift */ = {isa = PBXFileReference; fileEncoding = 4; lastKnownFileType = sourcecode.swift; path = ContentView.swift; sourceTree = "<group>"; };
		9E9863852BE1831500B1FE81 /* CameraFrameView.swift */ = {isa = PBXFileReference; lastKnownFileType = sourcecode.swift; path = CameraFrameView.swift; sourceTree = "<group>"; };
		9E9863872BE1849D00B1FE81 /* CameraFrameHandler.swift */ = {isa = PBXFileReference; lastKnownFileType = sourcecode.swift; path = CameraFrameHandler.swift; sourceTree = "<group>"; };
		9E98638D2BE4746600B1FE81 /* PlantPredictionModel.swift */ = {isa = PBXFileReference; lastKnownFileType = sourcecode.swift; path = PlantPredictionModel.swift; sourceTree = "<group>"; };
		9EB37FA62C05701B00CFB262 /* ImageClassifier.swift */ = {isa = PBXFileReference; fileEncoding = 4; lastKnownFileType = sourcecode.swift; name = ImageClassifier.swift; path = BrahmanCode/ViewModels/ImageClassifier.swift; sourceTree = SOURCE_ROOT; };
		9EB37FA72C05701B00CFB262 /* ImagePicker.swift */ = {isa = PBXFileReference; fileEncoding = 4; lastKnownFileType = sourcecode.swift; name = ImagePicker.swift; path = BrahmanCode/Views/ImagePicker.swift; sourceTree = SOURCE_ROOT; };
		9EB37FAA2C05707D00CFB262 /* Classifier.swift */ = {isa = PBXFileReference; fileEncoding = 4; lastKnownFileType = sourcecode.swift; path = Classifier.swift; sourceTree = "<group>"; };
/* End PBXFileReference section */

/* Begin PBXFrameworksBuildPhase section */
		9E7CE11D2BD7345100E2DA4E /* Frameworks */ = {
			isa = PBXFrameworksBuildPhase;
			buildActionMask = 2147483647;
			files = (
			);
			runOnlyForDeploymentPostprocessing = 0;
		};
/* End PBXFrameworksBuildPhase section */

/* Begin PBXGroup section */
		54900CA82BF6A1DB00A87704 /* Objects */ = {
			isa = PBXGroup;
			children = (
				54900CAB2BF6A2F100A87704 /* CardObject.swift */,
			);
			path = Objects;
			sourceTree = "<group>";
		};
		9E7CE1172BD7345100E2DA4E = {
			isa = PBXGroup;
			children = (
				9E7CE1222BD7345100E2DA4E /* BrahmanCode */,
				9E7CE1212BD7345100E2DA4E /* Products */,
			);
			sourceTree = "<group>";
		};
		9E7CE1212BD7345100E2DA4E /* Products */ = {
			isa = PBXGroup;
			children = (
				9E7CE1202BD7345100E2DA4E /* HerbaDex.app */,
			);
			name = Products;
			sourceTree = "<group>";
		};
		9E7CE1222BD7345100E2DA4E /* BrahmanCode */ = {
			isa = PBXGroup;
			children = (
				9E7CE1232BD7345100E2DA4E /* BrahmanCodeApp.swift */,
				54900CA82BF6A1DB00A87704 /* Objects */,
				9E7CE18E2BD8040600E2DA4E /* Models */,
				9E7CE1932BD8041300E2DA4E /* Views */,
				9E7CE1912BD8041300E2DA4E /* ViewModels */,
				9E7CE1292BD7345200E2DA4E /* Assets.xcassets */,
				9E7CE12B2BD7345200E2DA4E /* Preview Content */,
			);
			path = BrahmanCode;
			sourceTree = "<group>";
		};
		9E7CE12B2BD7345200E2DA4E /* Preview Content */ = {
			isa = PBXGroup;
			children = (
				9E7CE12C2BD7345200E2DA4E /* Preview Assets.xcassets */,
			);
			path = "Preview Content";
			sourceTree = "<group>";
		};
		9E7CE18E2BD8040600E2DA4E /* Models */ = {
			isa = PBXGroup;
			children = (
				9E7CE18D2BD8040600E2DA4E /* FloraCardModel.swift */,
				9E98638D2BE4746600B1FE81 /* PlantPredictionModel.swift */,
				9EB37FAA2C05707D00CFB262 /* Classifier.swift */,
				54900CA92BF6A28200A87704 /* CardModel.swift */,
				9E4AF5942BE7EAC7003E89FE /* MobileNetV2.mlpackage */,
				9E4AF5962BE94BEF003E89FE /* BrahmanIdentifier.mlpackage */,
			);
			path = Models;
			sourceTree = "<group>";
		};
		9E7CE1912BD8041300E2DA4E /* ViewModels */ = {
			isa = PBXGroup;
			children = (
				9EB37FA62C05701B00CFB262 /* ImageClassifier.swift */,
				9E7CE1902BD8041300E2DA4E /* DeckViewModel.swift */,
				9E9863872BE1849D00B1FE81 /* CameraFrameHandler.swift */,
			);
			path = ViewModels;
			sourceTree = "<group>";
		};
		9E7CE1932BD8041300E2DA4E /* Views */ = {
			isa = PBXGroup;
			children = (
				9E7CE1922BD8041300E2DA4E /* ContentView.swift */,
				9E9863852BE1831500B1FE81 /* CameraFrameView.swift */,
				54900CAD2BF6A30500A87704 /* NavView.swift */,
				54900CAF2BF6A30C00A87704 /* ExploreView.swift */,
				54900CB12BF6A31100A87704 /* DeckView.swift */,
				54900CB32BF6A31600A87704 /* ProfileView.swift */,
				9EB37FA72C05701B00CFB262 /* ImagePicker.swift */,
			);
			path = Views;
			sourceTree = "<group>";
		};
/* End PBXGroup section */

/* Begin PBXNativeTarget section */
		9E7CE11F2BD7345100E2DA4E /* HerbaDex */ = {
			isa = PBXNativeTarget;
			buildConfigurationList = 9E7CE1302BD7345200E2DA4E /* Build configuration list for PBXNativeTarget "HerbaDex" */;
			buildPhases = (
				9E7CE11C2BD7345100E2DA4E /* Sources */,
				9E7CE11D2BD7345100E2DA4E /* Frameworks */,
				9E7CE11E2BD7345100E2DA4E /* Resources */,
			);
			buildRules = (
			);
			dependencies = (
			);
			name = HerbaDex;
			productName = BrahmanCode;
			productReference = 9E7CE1202BD7345100E2DA4E /* HerbaDex.app */;
			productType = "com.apple.product-type.application";
		};
/* End PBXNativeTarget section */

/* Begin PBXProject section */
		9E7CE1182BD7345100E2DA4E /* Project object */ = {
			isa = PBXProject;
			attributes = {
				BuildIndependentTargetsInParallel = 1;
				LastSwiftUpdateCheck = 1530;
				LastUpgradeCheck = 1530;
				TargetAttributes = {
					9E7CE11F2BD7345100E2DA4E = {
						CreatedOnToolsVersion = 15.3;
					};
				};
			};
			buildConfigurationList = 9E7CE11B2BD7345100E2DA4E /* Build configuration list for PBXProject "BrahmanCode" */;
			compatibilityVersion = "Xcode 14.0";
			developmentRegion = en;
			hasScannedForEncodings = 0;
			knownRegions = (
				en,
				Base,
			);
			mainGroup = 9E7CE1172BD7345100E2DA4E;
			productRefGroup = 9E7CE1212BD7345100E2DA4E /* Products */;
			projectDirPath = "";
			projectRoot = "";
			targets = (
				9E7CE11F2BD7345100E2DA4E /* HerbaDex */,
			);
		};
/* End PBXProject section */

/* Begin PBXResourcesBuildPhase section */
		9E7CE11E2BD7345100E2DA4E /* Resources */ = {
			isa = PBXResourcesBuildPhase;
			buildActionMask = 2147483647;
			files = (
				9E7CE12D2BD7345200E2DA4E /* Preview Assets.xcassets in Resources */,
				9E7CE12A2BD7345200E2DA4E /* Assets.xcassets in Resources */,
			);
			runOnlyForDeploymentPostprocessing = 0;
		};
/* End PBXResourcesBuildPhase section */

/* Begin PBXSourcesBuildPhase section */
		9E7CE11C2BD7345100E2DA4E /* Sources */ = {
			isa = PBXSourcesBuildPhase;
			buildActionMask = 2147483647;
			files = (
				54900CAE2BF6A30500A87704 /* NavView.swift in Sources */,
				9E7CE1942BD8041300E2DA4E /* DeckViewModel.swift in Sources */,
				9E4AF5952BE7EAC7003E89FE /* MobileNetV2.mlpackage in Sources */,
				9EB37FA92C05701B00CFB262 /* ImagePicker.swift in Sources */,
				54900CB22BF6A31100A87704 /* DeckView.swift in Sources */,
				9E7CE18F2BD8040600E2DA4E /* FloraCardModel.swift in Sources */,
				54900CAC2BF6A2F100A87704 /* CardObject.swift in Sources */,
				9E9863862BE1831500B1FE81 /* CameraFrameView.swift in Sources */,
				54900CB42BF6A31600A87704 /* ProfileView.swift in Sources */,
				9EB37FA82C05701B00CFB262 /* ImageClassifier.swift in Sources */,
				9EB37FAB2C05707D00CFB262 /* Classifier.swift in Sources */,
				9E9863882BE1849D00B1FE81 /* CameraFrameHandler.swift in Sources */,
				54900CB02BF6A30C00A87704 /* ExploreView.swift in Sources */,
				9E7CE1952BD8041300E2DA4E /* ContentView.swift in Sources */,
				9E98638E2BE4746600B1FE81 /* PlantPredictionModel.swift in Sources */,
				9E4AF5972BE94BEF003E89FE /* BrahmanIdentifier.mlpackage in Sources */,
				9E7CE1242BD7345100E2DA4E /* BrahmanCodeApp.swift in Sources */,
				54900CAA2BF6A28200A87704 /* CardModel.swift in Sources */,
			);
			runOnlyForDeploymentPostprocessing = 0;
		};
/* End PBXSourcesBuildPhase section */

/* Begin XCBuildConfiguration section */
		9E7CE12E2BD7345200E2DA4E /* Debug */ = {
			isa = XCBuildConfiguration;
			buildSettings = {
				ALWAYS_SEARCH_USER_PATHS = NO;
				ASSETCATALOG_COMPILER_GENERATE_SWIFT_ASSET_SYMBOL_EXTENSIONS = YES;
				CLANG_ANALYZER_NONNULL = YES;
				CLANG_ANALYZER_NUMBER_OBJECT_CONVERSION = YES_AGGRESSIVE;
				CLANG_CXX_LANGUAGE_STANDARD = "gnu++20";
				CLANG_ENABLE_MODULES = YES;
				CLANG_ENABLE_OBJC_ARC = YES;
				CLANG_ENABLE_OBJC_WEAK = YES;
				CLANG_WARN_BLOCK_CAPTURE_AUTORELEASING = YES;
				CLANG_WARN_BOOL_CONVERSION = YES;
				CLANG_WARN_COMMA = YES;
				CLANG_WARN_CONSTANT_CONVERSION = YES;
				CLANG_WARN_DEPRECATED_OBJC_IMPLEMENTATIONS = YES;
				CLANG_WARN_DIRECT_OBJC_ISA_USAGE = YES_ERROR;
				CLANG_WARN_DOCUMENTATION_COMMENTS = YES;
				CLANG_WARN_EMPTY_BODY = YES;
				CLANG_WARN_ENUM_CONVERSION = YES;
				CLANG_WARN_INFINITE_RECURSION = YES;
				CLANG_WARN_INT_CONVERSION = YES;
				CLANG_WARN_NON_LITERAL_NULL_CONVERSION = YES;
				CLANG_WARN_OBJC_IMPLICIT_RETAIN_SELF = YES;
				CLANG_WARN_OBJC_LITERAL_CONVERSION = YES;
				CLANG_WARN_OBJC_ROOT_CLASS = YES_ERROR;
				CLANG_WARN_QUOTED_INCLUDE_IN_FRAMEWORK_HEADER = YES;
				CLANG_WARN_RANGE_LOOP_ANALYSIS = YES;
				CLANG_WARN_STRICT_PROTOTYPES = YES;
				CLANG_WARN_SUSPICIOUS_MOVE = YES;
				CLANG_WARN_UNGUARDED_AVAILABILITY = YES_AGGRESSIVE;
				CLANG_WARN_UNREACHABLE_CODE = YES;
				CLANG_WARN__DUPLICATE_METHOD_MATCH = YES;
				COPY_PHASE_STRIP = NO;
				DEBUG_INFORMATION_FORMAT = dwarf;
				ENABLE_STRICT_OBJC_MSGSEND = YES;
				ENABLE_TESTABILITY = YES;
				ENABLE_USER_SCRIPT_SANDBOXING = YES;
				GCC_C_LANGUAGE_STANDARD = gnu17;
				GCC_DYNAMIC_NO_PIC = NO;
				GCC_NO_COMMON_BLOCKS = YES;
				GCC_OPTIMIZATION_LEVEL = 0;
				GCC_PREPROCESSOR_DEFINITIONS = (
					"DEBUG=1",
					"$(inherited)",
				);
				GCC_WARN_64_TO_32_BIT_CONVERSION = YES;
				GCC_WARN_ABOUT_RETURN_TYPE = YES_ERROR;
				GCC_WARN_UNDECLARED_SELECTOR = YES;
				GCC_WARN_UNINITIALIZED_AUTOS = YES_AGGRESSIVE;
				GCC_WARN_UNUSED_FUNCTION = YES;
				GCC_WARN_UNUSED_VARIABLE = YES;
				IPHONEOS_DEPLOYMENT_TARGET = 17.4;
				LOCALIZATION_PREFERS_STRING_CATALOGS = YES;
				MTL_ENABLE_DEBUG_INFO = INCLUDE_SOURCE;
				MTL_FAST_MATH = YES;
				ONLY_ACTIVE_ARCH = YES;
				SDKROOT = iphoneos;
				SWIFT_ACTIVE_COMPILATION_CONDITIONS = "DEBUG $(inherited)";
				SWIFT_OPTIMIZATION_LEVEL = "-Onone";
			};
			name = Debug;
		};
		9E7CE12F2BD7345200E2DA4E /* Release */ = {
			isa = XCBuildConfiguration;
			buildSettings = {
				ALWAYS_SEARCH_USER_PATHS = NO;
				ASSETCATALOG_COMPILER_GENERATE_SWIFT_ASSET_SYMBOL_EXTENSIONS = YES;
				CLANG_ANALYZER_NONNULL = YES;
				CLANG_ANALYZER_NUMBER_OBJECT_CONVERSION = YES_AGGRESSIVE;
				CLANG_CXX_LANGUAGE_STANDARD = "gnu++20";
				CLANG_ENABLE_MODULES = YES;
				CLANG_ENABLE_OBJC_ARC = YES;
				CLANG_ENABLE_OBJC_WEAK = YES;
				CLANG_WARN_BLOCK_CAPTURE_AUTORELEASING = YES;
				CLANG_WARN_BOOL_CONVERSION = YES;
				CLANG_WARN_COMMA = YES;
				CLANG_WARN_CONSTANT_CONVERSION = YES;
				CLANG_WARN_DEPRECATED_OBJC_IMPLEMENTATIONS = YES;
				CLANG_WARN_DIRECT_OBJC_ISA_USAGE = YES_ERROR;
				CLANG_WARN_DOCUMENTATION_COMMENTS = YES;
				CLANG_WARN_EMPTY_BODY = YES;
				CLANG_WARN_ENUM_CONVERSION = YES;
				CLANG_WARN_INFINITE_RECURSION = YES;
				CLANG_WARN_INT_CONVERSION = YES;
				CLANG_WARN_NON_LITERAL_NULL_CONVERSION = YES;
				CLANG_WARN_OBJC_IMPLICIT_RETAIN_SELF = YES;
				CLANG_WARN_OBJC_LITERAL_CONVERSION = YES;
				CLANG_WARN_OBJC_ROOT_CLASS = YES_ERROR;
				CLANG_WARN_QUOTED_INCLUDE_IN_FRAMEWORK_HEADER = YES;
				CLANG_WARN_RANGE_LOOP_ANALYSIS = YES;
				CLANG_WARN_STRICT_PROTOTYPES = YES;
				CLANG_WARN_SUSPICIOUS_MOVE = YES;
				CLANG_WARN_UNGUARDED_AVAILABILITY = YES_AGGRESSIVE;
				CLANG_WARN_UNREACHABLE_CODE = YES;
				CLANG_WARN__DUPLICATE_METHOD_MATCH = YES;
				COPY_PHASE_STRIP = NO;
				DEBUG_INFORMATION_FORMAT = "dwarf-with-dsym";
				ENABLE_NS_ASSERTIONS = NO;
				ENABLE_STRICT_OBJC_MSGSEND = YES;
				ENABLE_USER_SCRIPT_SANDBOXING = YES;
				GCC_C_LANGUAGE_STANDARD = gnu17;
				GCC_NO_COMMON_BLOCKS = YES;
				GCC_WARN_64_TO_32_BIT_CONVERSION = YES;
				GCC_WARN_ABOUT_RETURN_TYPE = YES_ERROR;
				GCC_WARN_UNDECLARED_SELECTOR = YES;
				GCC_WARN_UNINITIALIZED_AUTOS = YES_AGGRESSIVE;
				GCC_WARN_UNUSED_FUNCTION = YES;
				GCC_WARN_UNUSED_VARIABLE = YES;
				IPHONEOS_DEPLOYMENT_TARGET = 17.4;
				LOCALIZATION_PREFERS_STRING_CATALOGS = YES;
				MTL_ENABLE_DEBUG_INFO = NO;
				MTL_FAST_MATH = YES;
				SDKROOT = iphoneos;
				SWIFT_COMPILATION_MODE = wholemodule;
				VALIDATE_PRODUCT = YES;
			};
			name = Release;
		};
		9E7CE1312BD7345200E2DA4E /* Debug */ = {
			isa = XCBuildConfiguration;
			buildSettings = {
				ASSETCATALOG_COMPILER_APPICON_NAME = AppIcon;
				ASSETCATALOG_COMPILER_GLOBAL_ACCENT_COLOR_NAME = AccentColor;
				CODE_SIGN_STYLE = Automatic;
				CURRENT_PROJECT_VERSION = 1;
				DEVELOPMENT_ASSET_PATHS = "\"BrahmanCode/Preview Content\"";
				DEVELOPMENT_TEAM = 83WR6P33W7;
				ENABLE_PREVIEWS = YES;
				GENERATE_INFOPLIST_FILE = YES;
				INFOPLIST_KEY_NSCameraUsageDescription = "We need access to your camera to scan images";
				INFOPLIST_KEY_UIApplicationSceneManifest_Generation = YES;
				INFOPLIST_KEY_UIApplicationSupportsIndirectInputEvents = YES;
				INFOPLIST_KEY_UILaunchScreen_Generation = YES;
				INFOPLIST_KEY_UISupportedInterfaceOrientations = UIInterfaceOrientationPortrait;
				LD_RUNPATH_SEARCH_PATHS = (
					"$(inherited)",
					"@executable_path/Frameworks",
				);
				MARKETING_VERSION = 1.0;
				PRODUCT_BUNDLE_IDENTIFIER = com.TripleMonkeyStudio.BrahmanCode;
				PRODUCT_NAME = "$(TARGET_NAME)";
				SWIFT_EMIT_LOC_STRINGS = YES;
				SWIFT_VERSION = 5.0;
				TARGETED_DEVICE_FAMILY = "1,2";
			};
			name = Debug;
		};
		9E7CE1322BD7345200E2DA4E /* Release */ = {
			isa = XCBuildConfiguration;
			buildSettings = {
				ASSETCATALOG_COMPILER_APPICON_NAME = AppIcon;
				ASSETCATALOG_COMPILER_GLOBAL_ACCENT_COLOR_NAME = AccentColor;
				CODE_SIGN_STYLE = Automatic;
				CURRENT_PROJECT_VERSION = 1;
				DEVELOPMENT_ASSET_PATHS = "\"BrahmanCode/Preview Content\"";
				DEVELOPMENT_TEAM = 83WR6P33W7;
				ENABLE_PREVIEWS = YES;
				GENERATE_INFOPLIST_FILE = YES;
				INFOPLIST_KEY_NSCameraUsageDescription = "We need access to your camera to scan images";
				INFOPLIST_KEY_UIApplicationSceneManifest_Generation = YES;
				INFOPLIST_KEY_UIApplicationSupportsIndirectInputEvents = YES;
				INFOPLIST_KEY_UILaunchScreen_Generation = YES;
				INFOPLIST_KEY_UISupportedInterfaceOrientations = UIInterfaceOrientationPortrait;
				LD_RUNPATH_SEARCH_PATHS = (
					"$(inherited)",
					"@executable_path/Frameworks",
				);
				MARKETING_VERSION = 1.0;
				PRODUCT_BUNDLE_IDENTIFIER = com.TripleMonkeyStudio.BrahmanCode;
				PRODUCT_NAME = "$(TARGET_NAME)";
				SWIFT_EMIT_LOC_STRINGS = YES;
				SWIFT_VERSION = 5.0;
				TARGETED_DEVICE_FAMILY = "1,2";
			};
			name = Release;
		};
/* End XCBuildConfiguration section */

/* Begin XCConfigurationList section */
		9E7CE11B2BD7345100E2DA4E /* Build configuration list for PBXProject "BrahmanCode" */ = {
			isa = XCConfigurationList;
			buildConfigurations = (
				9E7CE12E2BD7345200E2DA4E /* Debug */,
				9E7CE12F2BD7345200E2DA4E /* Release */,
			);
			defaultConfigurationIsVisible = 0;
			defaultConfigurationName = Release;
		};
		9E7CE1302BD7345200E2DA4E /* Build configuration list for PBXNativeTarget "HerbaDex" */ = {
			isa = XCConfigurationList;
			buildConfigurations = (
				9E7CE1312BD7345200E2DA4E /* Debug */,
				9E7CE1322BD7345200E2DA4E /* Release */,
			);
			defaultConfigurationIsVisible = 0;
			defaultConfigurationName = Release;
		};
/* End XCConfigurationList section */
	};
	rootObject = 9E7CE1182BD7345100E2DA4E /* Project object */;
}
