// !$*UTF8*$!
{
	archiveVersion = 1;
	classes = {
	};
	objectVersion = 56;
	objects = {

/* Begin PBXBuildFile section */
		9E7CE1242BD7345100E2DA4E /* BrahmanCodeApp.swift in Sources */ = {isa = PBXBuildFile; fileRef = 9E7CE1232BD7345100E2DA4E /* BrahmanCodeApp.swift */; };
		9E7CE1262BD7345100E2DA4E /* ContentView.swift in Sources */ = {isa = PBXBuildFile; fileRef = 9E7CE1252BD7345100E2DA4E /* ContentView.swift */; };
		9E7CE1282BD7345100E2DA4E /* floraCardModel.swift in Sources */ = {isa = PBXBuildFile; fileRef = 9E7CE1272BD7345100E2DA4E /* floraCardModel.swift */; };
		9E7CE12A2BD7345200E2DA4E /* Assets.xcassets in Resources */ = {isa = PBXBuildFile; fileRef = 9E7CE1292BD7345200E2DA4E /* Assets.xcassets */; };
		9E7CE12D2BD7345200E2DA4E /* Preview Assets.xcassets in Resources */ = {isa = PBXBuildFile; fileRef = 9E7CE12C2BD7345200E2DA4E /* Preview Assets.xcassets */; };
/* End PBXBuildFile section */

/* Begin PBXFileReference section */
		9E7CE1202BD7345100E2DA4E /* BrahmanCode.app */ = {isa = PBXFileReference; explicitFileType = wrapper.application; includeInIndex = 0; path = BrahmanCode.app; sourceTree = BUILT_PRODUCTS_DIR; };
		9E7CE1232BD7345100E2DA4E /* BrahmanCodeApp.swift */ = {isa = PBXFileReference; lastKnownFileType = sourcecode.swift; path = BrahmanCodeApp.swift; sourceTree = "<group>"; };
		9E7CE1252BD7345100E2DA4E /* ContentView.swift */ = {isa = PBXFileReference; lastKnownFileType = sourcecode.swift; path = ContentView.swift; sourceTree = "<group>"; };
		9E7CE1272BD7345100E2DA4E /* floraCardModel.swift */ = {isa = PBXFileReference; lastKnownFileType = sourcecode.swift; path = floraCardModel.swift; sourceTree = "<group>"; };
		9E7CE1292BD7345200E2DA4E /* Assets.xcassets */ = {isa = PBXFileReference; lastKnownFileType = folder.assetcatalog; path = Assets.xcassets; sourceTree = "<group>"; };
		9E7CE12C2BD7345200E2DA4E /* Preview Assets.xcassets */ = {isa = PBXFileReference; lastKnownFileType = folder.assetcatalog; path = "Preview Assets.xcassets"; sourceTree = "<group>"; };
/* End PBXFileReference section */

/* Begin PBXFrameworksBuildPhase section */
		9E7CE11D2BD7345100E2DA4E /* Frameworks */ = {
			isa = PBXFrameworksBuildPhase;
			buildActionMask = 2147483647;
			files = (
			);
			runOnlyForDeploymentPostprocessing = 0;
		};
/* End PBXFrameworksBuildPhase section */

/* Begin PBXGroup section */
		9E7CE1172BD7345100E2DA4E = {
			isa = PBXGroup;
			children = (
				9E7CE1222BD7345100E2DA4E /* BrahmanCode */,
				9E7CE1212BD7345100E2DA4E /* Products */,
			);
			sourceTree = "<group>";
		};
		9E7CE1212BD7345100E2DA4E /* Products */ = {
			isa = PBXGroup;
			children = (
				9E7CE1202BD7345100E2DA4E /* BrahmanCode.app */,
			);
			name = Products;
			sourceTree = "<group>";
		};
		9E7CE1222BD7345100E2DA4E /* BrahmanCode */ = {
			isa = PBXGroup;
			children = (
				9E7CE1232BD7345100E2DA4E /* BrahmanCodeApp.swift */,
				9E7CE1252BD7345100E2DA4E /* ContentView.swift */,
				9E7CE1332BD734D700E2DA4E /* Nigel */,
				9E7CE1342BD734F300E2DA4E /* Mario */,
				9E7CE1352BD7350500E2DA4E /* Dashawn */,
				9E7CE1292BD7345200E2DA4E /* Assets.xcassets */,
				9E7CE12B2BD7345200E2DA4E /* Preview Content */,
			);
			path = BrahmanCode;
			sourceTree = "<group>";
		};
		9E7CE12B2BD7345200E2DA4E /* Preview Content */ = {
			isa = PBXGroup;
			children = (
				9E7CE12C2BD7345200E2DA4E /* Preview Assets.xcassets */,
			);
			path = "Preview Content";
			sourceTree = "<group>";
		};
		9E7CE1332BD734D700E2DA4E /* Nigel */ = {
			isa = PBXGroup;
			children = (
				9E7CE1512BD73CFB00E2DA4E /* NigelsModels */,
				9E7CE1502BD73CDE00E2DA4E /* NigelsViews */,
				9E7CE14F2BD739CF00E2DA4E /* NigelsViewModels */,
			);
			path = Nigel;
			sourceTree = "<group>";
		};
		9E7CE1342BD734F300E2DA4E /* Mario */ = {
			isa = PBXGroup;
			children = (
				9E7CE1382BD735EB00E2DA4E /* MariosModels */,
				9E7CE1362BD7359D00E2DA4E /* MariosViews */,
				9E7CE1522BD73D1900E2DA4E /* MariosViewModels */,
			);
			path = Mario;
			sourceTree = "<group>";
		};
		9E7CE1352BD7350500E2DA4E /* Dashawn */ = {
			isa = PBXGroup;
			children = (
				9E7CE1422BD739B100E2DA4E /* DashawnsModels */,
				9E7CE1412BD739B100E2DA4E /* DashawnsViews */,
				9E7CE1432BD739B100E2DA4E /* DashawnsViewModels */,
			);
			path = Dashawn;
			sourceTree = "<group>";
		};
		9E7CE1362BD7359D00E2DA4E /* MariosViews */ = {
			isa = PBXGroup;
			children = (
			);
			path = MariosViews;
			sourceTree = "<group>";
		};
		9E7CE1382BD735EB00E2DA4E /* MariosModels */ = {
			isa = PBXGroup;
			children = (
			);
			path = MariosModels;
			sourceTree = "<group>";
		};
		9E7CE1412BD739B100E2DA4E /* DashawnsViews */ = {
			isa = PBXGroup;
			children = (
			);
			path = DashawnsViews;
			sourceTree = "<group>";
		};
		9E7CE1422BD739B100E2DA4E /* DashawnsModels */ = {
			isa = PBXGroup;
			children = (
			);
			path = DashawnsModels;
			sourceTree = "<group>";
		};
		9E7CE1432BD739B100E2DA4E /* DashawnsViewModels */ = {
			isa = PBXGroup;
			children = (
			);
			path = DashawnsViewModels;
			sourceTree = "<group>";
		};
		9E7CE14F2BD739CF00E2DA4E /* NigelsViewModels */ = {
			isa = PBXGroup;
			children = (
			);
			path = NigelsViewModels;
			sourceTree = "<group>";
		};
		9E7CE1502BD73CDE00E2DA4E /* NigelsViews */ = {
			isa = PBXGroup;
			children = (
			);
			path = NigelsViews;
			sourceTree = "<group>";
		};
		9E7CE1512BD73CFB00E2DA4E /* NigelsModels */ = {
			isa = PBXGroup;
			children = (
				9E7CE1272BD7345100E2DA4E /* floraCardModel.swift */,
			);
			path = NigelsModels;
			sourceTree = "<group>";
		};
		9E7CE1522BD73D1900E2DA4E /* MariosViewModels */ = {
			isa = PBXGroup;
			children = (
			);
			path = MariosViewModels;
			sourceTree = "<group>";
		};
/* End PBXGroup section */

/* Begin PBXNativeTarget section */
		9E7CE11F2BD7345100E2DA4E /* BrahmanCode */ = {
			isa = PBXNativeTarget;
			buildConfigurationList = 9E7CE1302BD7345200E2DA4E /* Build configuration list for PBXNativeTarget "BrahmanCode" */;
			buildPhases = (
				9E7CE11C2BD7345100E2DA4E /* Sources */,
				9E7CE11D2BD7345100E2DA4E /* Frameworks */,
				9E7CE11E2BD7345100E2DA4E /* Resources */,
			);
			buildRules = (
			);
			dependencies = (
			);
			name = BrahmanCode;
			productName = BrahmanCode;
			productReference = 9E7CE1202BD7345100E2DA4E /* BrahmanCode.app */;
			productType = "com.apple.product-type.application";
		};
/* End PBXNativeTarget section */

/* Begin PBXProject section */
		9E7CE1182BD7345100E2DA4E /* Project object */ = {
			isa = PBXProject;
			attributes = {
				BuildIndependentTargetsInParallel = 1;
				LastSwiftUpdateCheck = 1530;
				LastUpgradeCheck = 1530;
				TargetAttributes = {
					9E7CE11F2BD7345100E2DA4E = {
						CreatedOnToolsVersion = 15.3;
					};
				};
			};
			buildConfigurationList = 9E7CE11B2BD7345100E2DA4E /* Build configuration list for PBXProject "BrahmanCode" */;
			compatibilityVersion = "Xcode 14.0";
			developmentRegion = en;
			hasScannedForEncodings = 0;
			knownRegions = (
				en,
				Base,
			);
			mainGroup = 9E7CE1172BD7345100E2DA4E;
			productRefGroup = 9E7CE1212BD7345100E2DA4E /* Products */;
			projectDirPath = "";
			projectRoot = "";
			targets = (
				9E7CE11F2BD7345100E2DA4E /* BrahmanCode */,
			);
		};
/* End PBXProject section */

/* Begin PBXResourcesBuildPhase section */
		9E7CE11E2BD7345100E2DA4E /* Resources */ = {
			isa = PBXResourcesBuildPhase;
			buildActionMask = 2147483647;
			files = (
				9E7CE12D2BD7345200E2DA4E /* Preview Assets.xcassets in Resources */,
				9E7CE12A2BD7345200E2DA4E /* Assets.xcassets in Resources */,
			);
			runOnlyForDeploymentPostprocessing = 0;
		};
/* End PBXResourcesBuildPhase section */

/* Begin PBXSourcesBuildPhase section */
		9E7CE11C2BD7345100E2DA4E /* Sources */ = {
			isa = PBXSourcesBuildPhase;
			buildActionMask = 2147483647;
			files = (
				9E7CE1262BD7345100E2DA4E /* ContentView.swift in Sources */,
				9E7CE1282BD7345100E2DA4E /* floraCardModel.swift in Sources */,
				9E7CE1242BD7345100E2DA4E /* BrahmanCodeApp.swift in Sources */,
			);
			runOnlyForDeploymentPostprocessing = 0;
		};
/* End PBXSourcesBuildPhase section */

/* Begin XCBuildConfiguration section */
		9E7CE12E2BD7345200E2DA4E /* Debug */ = {
			isa = XCBuildConfiguration;
			buildSettings = {
				ALWAYS_SEARCH_USER_PATHS = NO;
				ASSETCATALOG_COMPILER_GENERATE_SWIFT_ASSET_SYMBOL_EXTENSIONS = YES;
				CLANG_ANALYZER_NONNULL = YES;
				CLANG_ANALYZER_NUMBER_OBJECT_CONVERSION = YES_AGGRESSIVE;
				CLANG_CXX_LANGUAGE_STANDARD = "gnu++20";
				CLANG_ENABLE_MODULES = YES;
				CLANG_ENABLE_OBJC_ARC = YES;
				CLANG_ENABLE_OBJC_WEAK = YES;
				CLANG_WARN_BLOCK_CAPTURE_AUTORELEASING = YES;
				CLANG_WARN_BOOL_CONVERSION = YES;
				CLANG_WARN_COMMA = YES;
				CLANG_WARN_CONSTANT_CONVERSION = YES;
				CLANG_WARN_DEPRECATED_OBJC_IMPLEMENTATIONS = YES;
				CLANG_WARN_DIRECT_OBJC_ISA_USAGE = YES_ERROR;
				CLANG_WARN_DOCUMENTATION_COMMENTS = YES;
				CLANG_WARN_EMPTY_BODY = YES;
				CLANG_WARN_ENUM_CONVERSION = YES;
				CLANG_WARN_INFINITE_RECURSION = YES;
				CLANG_WARN_INT_CONVERSION = YES;
				CLANG_WARN_NON_LITERAL_NULL_CONVERSION = YES;
				CLANG_WARN_OBJC_IMPLICIT_RETAIN_SELF = YES;
				CLANG_WARN_OBJC_LITERAL_CONVERSION = YES;
				CLANG_WARN_OBJC_ROOT_CLASS = YES_ERROR;
				CLANG_WARN_QUOTED_INCLUDE_IN_FRAMEWORK_HEADER = YES;
				CLANG_WARN_RANGE_LOOP_ANALYSIS = YES;
				CLANG_WARN_STRICT_PROTOTYPES = YES;
				CLANG_WARN_SUSPICIOUS_MOVE = YES;
				CLANG_WARN_UNGUARDED_AVAILABILITY = YES_AGGRESSIVE;
				CLANG_WARN_UNREACHABLE_CODE = YES;
				CLANG_WARN__DUPLICATE_METHOD_MATCH = YES;
				COPY_PHASE_STRIP = NO;
				DEBUG_INFORMATION_FORMAT = dwarf;
				ENABLE_STRICT_OBJC_MSGSEND = YES;
				ENABLE_TESTABILITY = YES;
				ENABLE_USER_SCRIPT_SANDBOXING = YES;
				GCC_C_LANGUAGE_STANDARD = gnu17;
				GCC_DYNAMIC_NO_PIC = NO;
				GCC_NO_COMMON_BLOCKS = YES;
				GCC_OPTIMIZATION_LEVEL = 0;
				GCC_PREPROCESSOR_DEFINITIONS = (
					"DEBUG=1",
					"$(inherited)",
				);
				GCC_WARN_64_TO_32_BIT_CONVERSION = YES;
				GCC_WARN_ABOUT_RETURN_TYPE = YES_ERROR;
				GCC_WARN_UNDECLARED_SELECTOR = YES;
				GCC_WARN_UNINITIALIZED_AUTOS = YES_AGGRESSIVE;
				GCC_WARN_UNUSED_FUNCTION = YES;
				GCC_WARN_UNUSED_VARIABLE = YES;
				IPHONEOS_DEPLOYMENT_TARGET = 17.4;
				LOCALIZATION_PREFERS_STRING_CATALOGS = YES;
				MTL_ENABLE_DEBUG_INFO = INCLUDE_SOURCE;
				MTL_FAST_MATH = YES;
				ONLY_ACTIVE_ARCH = YES;
				SDKROOT = iphoneos;
				SWIFT_ACTIVE_COMPILATION_CONDITIONS = "DEBUG $(inherited)";
				SWIFT_OPTIMIZATION_LEVEL = "-Onone";
			};
			name = Debug;
		};
		9E7CE12F2BD7345200E2DA4E /* Release */ = {
			isa = XCBuildConfiguration;
			buildSettings = {
				ALWAYS_SEARCH_USER_PATHS = NO;
				ASSETCATALOG_COMPILER_GENERATE_SWIFT_ASSET_SYMBOL_EXTENSIONS = YES;
				CLANG_ANALYZER_NONNULL = YES;
				CLANG_ANALYZER_NUMBER_OBJECT_CONVERSION = YES_AGGRESSIVE;
				CLANG_CXX_LANGUAGE_STANDARD = "gnu++20";
				CLANG_ENABLE_MODULES = YES;
				CLANG_ENABLE_OBJC_ARC = YES;
				CLANG_ENABLE_OBJC_WEAK = YES;
				CLANG_WARN_BLOCK_CAPTURE_AUTORELEASING = YES;
				CLANG_WARN_BOOL_CONVERSION = YES;
				CLANG_WARN_COMMA = YES;
				CLANG_WARN_CONSTANT_CONVERSION = YES;
				CLANG_WARN_DEPRECATED_OBJC_IMPLEMENTATIONS = YES;
				CLANG_WARN_DIRECT_OBJC_ISA_USAGE = YES_ERROR;
				CLANG_WARN_DOCUMENTATION_COMMENTS = YES;
				CLANG_WARN_EMPTY_BODY = YES;
				CLANG_WARN_ENUM_CONVERSION = YES;
				CLANG_WARN_INFINITE_RECURSION = YES;
				CLANG_WARN_INT_CONVERSION = YES;
				CLANG_WARN_NON_LITERAL_NULL_CONVERSION = YES;
				CLANG_WARN_OBJC_IMPLICIT_RETAIN_SELF = YES;
				CLANG_WARN_OBJC_LITERAL_CONVERSION = YES;
				CLANG_WARN_OBJC_ROOT_CLASS = YES_ERROR;
				CLANG_WARN_QUOTED_INCLUDE_IN_FRAMEWORK_HEADER = YES;
				CLANG_WARN_RANGE_LOOP_ANALYSIS = YES;
				CLANG_WARN_STRICT_PROTOTYPES = YES;
				CLANG_WARN_SUSPICIOUS_MOVE = YES;
				CLANG_WARN_UNGUARDED_AVAILABILITY = YES_AGGRESSIVE;
				CLANG_WARN_UNREACHABLE_CODE = YES;
				CLANG_WARN__DUPLICATE_METHOD_MATCH = YES;
				COPY_PHASE_STRIP = NO;
				DEBUG_INFORMATION_FORMAT = "dwarf-with-dsym";
				ENABLE_NS_ASSERTIONS = NO;
				ENABLE_STRICT_OBJC_MSGSEND = YES;
				ENABLE_USER_SCRIPT_SANDBOXING = YES;
				GCC_C_LANGUAGE_STANDARD = gnu17;
				GCC_NO_COMMON_BLOCKS = YES;
				GCC_WARN_64_TO_32_BIT_CONVERSION = YES;
				GCC_WARN_ABOUT_RETURN_TYPE = YES_ERROR;
				GCC_WARN_UNDECLARED_SELECTOR = YES;
				GCC_WARN_UNINITIALIZED_AUTOS = YES_AGGRESSIVE;
				GCC_WARN_UNUSED_FUNCTION = YES;
				GCC_WARN_UNUSED_VARIABLE = YES;
				IPHONEOS_DEPLOYMENT_TARGET = 17.4;
				LOCALIZATION_PREFERS_STRING_CATALOGS = YES;
				MTL_ENABLE_DEBUG_INFO = NO;
				MTL_FAST_MATH = YES;
				SDKROOT = iphoneos;
				SWIFT_COMPILATION_MODE = wholemodule;
				VALIDATE_PRODUCT = YES;
			};
			name = Release;
		};
		9E7CE1312BD7345200E2DA4E /* Debug */ = {
			isa = XCBuildConfiguration;
			buildSettings = {
				ASSETCATALOG_COMPILER_APPICON_NAME = AppIcon;
				ASSETCATALOG_COMPILER_GLOBAL_ACCENT_COLOR_NAME = AccentColor;
				CODE_SIGN_STYLE = Automatic;
				CURRENT_PROJECT_VERSION = 1;
				DEVELOPMENT_ASSET_PATHS = "\"BrahmanCode/Preview Content\"";
				DEVELOPMENT_TEAM = 5P8JPPPQ9D;
				ENABLE_PREVIEWS = YES;
				GENERATE_INFOPLIST_FILE = YES;
				INFOPLIST_KEY_UIApplicationSceneManifest_Generation = YES;
				INFOPLIST_KEY_UIApplicationSupportsIndirectInputEvents = YES;
				INFOPLIST_KEY_UILaunchScreen_Generation = YES;
				INFOPLIST_KEY_UISupportedInterfaceOrientations_iPad = "UIInterfaceOrientationPortrait UIInterfaceOrientationPortraitUpsideDown UIInterfaceOrientationLandscapeLeft UIInterfaceOrientationLandscapeRight";
				INFOPLIST_KEY_UISupportedInterfaceOrientations_iPhone = "UIInterfaceOrientationPortrait UIInterfaceOrientationLandscapeLeft UIInterfaceOrientationLandscapeRight";
				LD_RUNPATH_SEARCH_PATHS = (
					"$(inherited)",
					"@executable_path/Frameworks",
				);
				MARKETING_VERSION = 1.0;
				PRODUCT_BUNDLE_IDENTIFIER = com.TripleMonkeyStudio.BrahmanCode;
				PRODUCT_NAME = "$(TARGET_NAME)";
				SWIFT_EMIT_LOC_STRINGS = YES;
				SWIFT_VERSION = 5.0;
				TARGETED_DEVICE_FAMILY = "1,2";
			};
			name = Debug;
		};
		9E7CE1322BD7345200E2DA4E /* Release */ = {
			isa = XCBuildConfiguration;
			buildSettings = {
				ASSETCATALOG_COMPILER_APPICON_NAME = AppIcon;
				ASSETCATALOG_COMPILER_GLOBAL_ACCENT_COLOR_NAME = AccentColor;
				CODE_SIGN_STYLE = Automatic;
				CURRENT_PROJECT_VERSION = 1;
				DEVELOPMENT_ASSET_PATHS = "\"BrahmanCode/Preview Content\"";
				DEVELOPMENT_TEAM = 5P8JPPPQ9D;
				ENABLE_PREVIEWS = YES;
				GENERATE_INFOPLIST_FILE = YES;
				INFOPLIST_KEY_UIApplicationSceneManifest_Generation = YES;
				INFOPLIST_KEY_UIApplicationSupportsIndirectInputEvents = YES;
				INFOPLIST_KEY_UILaunchScreen_Generation = YES;
				INFOPLIST_KEY_UISupportedInterfaceOrientations_iPad = "UIInterfaceOrientationPortrait UIInterfaceOrientationPortraitUpsideDown UIInterfaceOrientationLandscapeLeft UIInterfaceOrientationLandscapeRight";
				INFOPLIST_KEY_UISupportedInterfaceOrientations_iPhone = "UIInterfaceOrientationPortrait UIInterfaceOrientationLandscapeLeft UIInterfaceOrientationLandscapeRight";
				LD_RUNPATH_SEARCH_PATHS = (
					"$(inherited)",
					"@executable_path/Frameworks",
				);
				MARKETING_VERSION = 1.0;
				PRODUCT_BUNDLE_IDENTIFIER = com.TripleMonkeyStudio.BrahmanCode;
				PRODUCT_NAME = "$(TARGET_NAME)";
				SWIFT_EMIT_LOC_STRINGS = YES;
				SWIFT_VERSION = 5.0;
				TARGETED_DEVICE_FAMILY = "1,2";
			};
			name = Release;
		};
/* End XCBuildConfiguration section */

/* Begin XCConfigurationList section */
		9E7CE11B2BD7345100E2DA4E /* Build configuration list for PBXProject "BrahmanCode" */ = {
			isa = XCConfigurationList;
			buildConfigurations = (
				9E7CE12E2BD7345200E2DA4E /* Debug */,
				9E7CE12F2BD7345200E2DA4E /* Release */,
			);
			defaultConfigurationIsVisible = 0;
			defaultConfigurationName = Release;
		};
		9E7CE1302BD7345200E2DA4E /* Build configuration list for PBXNativeTarget "BrahmanCode" */ = {
			isa = XCConfigurationList;
			buildConfigurations = (
				9E7CE1312BD7345200E2DA4E /* Debug */,
				9E7CE1322BD7345200E2DA4E /* Release */,
			);
			defaultConfigurationIsVisible = 0;
			defaultConfigurationName = Release;
		};
/* End XCConfigurationList section */
	};
	rootObject = 9E7CE1182BD7345100E2DA4E /* Project object */;
}
